
Microsoft Visual Studio Solution File, Format Version 12.00
# Visual Studio 15
VisualStudioVersion = 15.0.28307.1433
MinimumVisualStudioVersion = 10.0.40219.1
Project("{8BC9CEB8-8B4A-11D0-8D11-00A0C91BC942}") = "Recorder", "Recorder\Recorder.vcxproj", "{F83EA4E8-A1E9-44FF-A64C-607D5E68506C}"
EndProject
Global
	GlobalSection(SolutionConfigurationPlatforms) = preSolution
		Debug|x64 = Debug|x64
		Debug|x86 = Debug|x86
		Release|x64 = Release|x64
		Release|x86 = Release|x86
	EndGlobalSection
	GlobalSection(ProjectConfigurationPlatforms) = postSolution
		{F83EA4E8-A1E9-44FF-A64C-607D5E68506C}.Debug|x64.ActiveCfg = Debug|x64
		{F83EA4E8-A1E9-44FF-A64C-607D5E68506C}.Debug|x64.Build.0 = Debug|x64
		{F83EA4E8-A1E9-44FF-A64C-607D5E68506C}.Debug|x86.ActiveCfg = Debug|Win32
		{F83EA4E8-A1E9-44FF-A64C-607D5E68506C}.Debug|x86.Build.0 = Debug|Win32
		{F83EA4E8-A1E9-44FF-A64C-607D5E68506C}.Release|x64.ActiveCfg = Release|x64
		{F83EA4E8-A1E9-44FF-A64C-607D5E68506C}.Release|x64.Build.0 = Release|x64
		{F83EA4E8-A1E9-44FF-A64C-607D5E68506C}.Release|x86.ActiveCfg = Release|Win32
		{F83EA4E8-A1E9-44FF-A64C-607D5E68506C}.Release|x86.Build.0 = Release|Win32
	EndGlobalSection
	GlobalSection(SolutionProperties) = preSolution
		HideSolutionNode = FALSE
	EndGlobalSection
	GlobalSection(ExtensibilityGlobals) = postSolution
		SolutionGuid = {F91F2382-2D67-44B5-AD6D-74210EF90778}
	EndGlobalSection
EndGlobal
